
Microsoft Visual Studio Solution File, Format Version 12.00
# Visual Studio Version 17
VisualStudioVersion = 17.9.34723.18
MinimumVisualStudioVersion = 10.0.40219.1
Project("{FAE04EC0-301F-11D3-BF4B-00C04F79EFBC}") = "Lesson4EntityFrameworkCoreIntro", "Lesson4EntityFrameworkCoreIntro\Lesson4EntityFrameworkCoreIntro.csproj", "{7024EAE7-AEC4-45AE-9554-CB6E1ACDC0FE}"
EndProject
Project("{FAE04EC0-301F-11D3-BF4B-00C04F79EFBC}") = "CodeFirstExample", "CodeFirstExample\CodeFirstExample.csproj", "{94D85465-20AC-4316-85F8-899CC90B21CD}"
EndProject
Global
	GlobalSection(SolutionConfigurationPlatforms) = preSolution
		Debug|Any CPU = Debug|Any CPU
		Release|Any CPU = Release|Any CPU
	EndGlobalSection
	GlobalSection(ProjectConfigurationPlatforms) = postSolution
		{7024EAE7-AEC4-45AE-9554-CB6E1ACDC0FE}.Debug|Any CPU.ActiveCfg = Debug|Any CPU
		{7024EAE7-AEC4-45AE-9554-CB6E1ACDC0FE}.Debug|Any CPU.Build.0 = Debug|Any CPU
		{7024EAE7-AEC4-45AE-9554-CB6E1ACDC0FE}.Release|Any CPU.ActiveCfg = Release|Any CPU
		{7024EAE7-AEC4-45AE-9554-CB6E1ACDC0FE}.Release|Any CPU.Build.0 = Release|Any CPU
		{94D85465-20AC-4316-85F8-899CC90B21CD}.Debug|Any CPU.ActiveCfg = Debug|Any CPU
		{94D85465-20AC-4316-85F8-899CC90B21CD}.Debug|Any CPU.Build.0 = Debug|Any CPU
		{94D85465-20AC-4316-85F8-899CC90B21CD}.Release|Any CPU.ActiveCfg = Release|Any CPU
		{94D85465-20AC-4316-85F8-899CC90B21CD}.Release|Any CPU.Build.0 = Release|Any CPU
	EndGlobalSection
	GlobalSection(SolutionProperties) = preSolution
		HideSolutionNode = FALSE
	EndGlobalSection
	GlobalSection(ExtensibilityGlobals) = postSolution
		SolutionGuid = {740E0D9C-F65F-43C3-818E-E0AD1EB4977B}
	EndGlobalSection
EndGlobal
