
Microsoft Visual Studio Solution File, Format Version 12.00
# Visual Studio Version 17
VisualStudioVersion = 17.9.34723.18
MinimumVisualStudioVersion = 10.0.40219.1
Project("{FAE04EC0-301F-11D3-BF4B-00C04F79EFBC}") = "Lesson5CodeFirstRelationships", "Lesson5CodeFirstRelationships\Lesson5CodeFirstRelationships.csproj", "{088ABC91-690E-4540-83A6-AABD8881AC77}"
EndProject
Global
	GlobalSection(SolutionConfigurationPlatforms) = preSolution
		Debug|Any CPU = Debug|Any CPU
		Release|Any CPU = Release|Any CPU
	EndGlobalSection
	GlobalSection(ProjectConfigurationPlatforms) = postSolution
		{088ABC91-690E-4540-83A6-AABD8881AC77}.Debug|Any CPU.ActiveCfg = Debug|Any CPU
		{088ABC91-690E-4540-83A6-AABD8881AC77}.Debug|Any CPU.Build.0 = Debug|Any CPU
		{088ABC91-690E-4540-83A6-AABD8881AC77}.Release|Any CPU.ActiveCfg = Release|Any CPU
		{088ABC91-690E-4540-83A6-AABD8881AC77}.Release|Any CPU.Build.0 = Release|Any CPU
	EndGlobalSection
	GlobalSection(SolutionProperties) = preSolution
		HideSolutionNode = FALSE
	EndGlobalSection
	GlobalSection(ExtensibilityGlobals) = postSolution
		SolutionGuid = {21D1C708-C5D0-4E6C-9C46-1D6C52CDB238}
	EndGlobalSection
EndGlobal
